// !$*UTF8*$!
{
	archiveVersion = 1;
	classes = {
	};
	objectVersion = 50;
	objects = {

/* Begin PBXBuildFile section */
		AF4B2FFA252546540032BB6D /* ProductsViewController.swift in Sources */ = {isa = PBXBuildFile; fileRef = AF4B2FF9252546540032BB6D /* ProductsViewController.swift */; };
		AF4B2FFE25254C2F0032BB6D /* ProductCell.swift in Sources */ = {isa = PBXBuildFile; fileRef = AF4B2FFD25254C2F0032BB6D /* ProductCell.swift */; };
		AF52E14B25255E0700606770 /* Product.swift in Sources */ = {isa = PBXBuildFile; fileRef = AF52E14A25255E0700606770 /* Product.swift */; };
		DCDA7AB725122D5B002F71DE /* AppDelegate.swift in Sources */ = {isa = PBXBuildFile; fileRef = DCDA7AB625122D5B002F71DE /* AppDelegate.swift */; };
		DCDA7AB925122D5B002F71DE /* ViewController.swift in Sources */ = {isa = PBXBuildFile; fileRef = DCDA7AB825122D5B002F71DE /* ViewController.swift */; };
		DCDA7ABC25122D5B002F71DE /* Main.storyboard in Resources */ = {isa = PBXBuildFile; fileRef = DCDA7ABA25122D5B002F71DE /* Main.storyboard */; };
		DCDA7ABE25122D5C002F71DE /* Assets.xcassets in Resources */ = {isa = PBXBuildFile; fileRef = DCDA7ABD25122D5C002F71DE /* Assets.xcassets */; };
		DCDA7AC125122D5C002F71DE /* LaunchScreen.storyboard in Resources */ = {isa = PBXBuildFile; fileRef = DCDA7ABF25122D5C002F71DE /* LaunchScreen.storyboard */; };
		DCF999022526A09300362437 /* ProductInformatioViewController.swift in Sources */ = {isa = PBXBuildFile; fileRef = DCF999012526A09300362437 /* ProductInformatioViewController.swift */; };
/* End PBXBuildFile section */

/* Begin PBXFileReference section */
		AF4B2FF9252546540032BB6D /* ProductsViewController.swift */ = {isa = PBXFileReference; lastKnownFileType = sourcecode.swift; path = ProductsViewController.swift; sourceTree = "<group>"; };
		AF4B2FFD25254C2F0032BB6D /* ProductCell.swift */ = {isa = PBXFileReference; lastKnownFileType = sourcecode.swift; path = ProductCell.swift; sourceTree = "<group>"; };
		AF52E14A25255E0700606770 /* Product.swift */ = {isa = PBXFileReference; lastKnownFileType = sourcecode.swift; path = Product.swift; sourceTree = "<group>"; };
		DCDA7AB325122D5B002F71DE /* TrabFinal35_34.app */ = {isa = PBXFileReference; explicitFileType = wrapper.application; includeInIndex = 0; path = TrabFinal35_34.app; sourceTree = BUILT_PRODUCTS_DIR; };
		DCDA7AB625122D5B002F71DE /* AppDelegate.swift */ = {isa = PBXFileReference; lastKnownFileType = sourcecode.swift; path = AppDelegate.swift; sourceTree = "<group>"; };
		DCDA7AB825122D5B002F71DE /* ViewController.swift */ = {isa = PBXFileReference; lastKnownFileType = sourcecode.swift; path = ViewController.swift; sourceTree = "<group>"; };
		DCDA7ABB25122D5B002F71DE /* Base */ = {isa = PBXFileReference; lastKnownFileType = file.storyboard; name = Base; path = Base.lproj/Main.storyboard; sourceTree = "<group>"; };
		DCDA7ABD25122D5C002F71DE /* Assets.xcassets */ = {isa = PBXFileReference; lastKnownFileType = folder.assetcatalog; path = Assets.xcassets; sourceTree = "<group>"; };
		DCDA7AC025122D5C002F71DE /* Base */ = {isa = PBXFileReference; lastKnownFileType = file.storyboard; name = Base; path = Base.lproj/LaunchScreen.storyboard; sourceTree = "<group>"; };
		DCDA7AC225122D5C002F71DE /* Info.plist */ = {isa = PBXFileReference; lastKnownFileType = text.plist.xml; path = Info.plist; sourceTree = "<group>"; };
		DCF999012526A09300362437 /* ProductInformatioViewController.swift */ = {isa = PBXFileReference; lastKnownFileType = sourcecode.swift; path = ProductInformatioViewController.swift; sourceTree = "<group>"; };
/* End PBXFileReference section */

/* Begin PBXFrameworksBuildPhase section */
		DCDA7AB025122D5B002F71DE /* Frameworks */ = {
			isa = PBXFrameworksBuildPhase;
			buildActionMask = 2147483647;
			files = (
			);
			runOnlyForDeploymentPostprocessing = 0;
		};
/* End PBXFrameworksBuildPhase section */

/* Begin PBXGroup section */
		DCDA7AAA25122D5B002F71DE = {
			isa = PBXGroup;
			children = (
				DCDA7AB525122D5B002F71DE /* TrabFinal35_34 */,
				DCDA7AB425122D5B002F71DE /* Products */,
			);
			sourceTree = "<group>";
		};
		DCDA7AB425122D5B002F71DE /* Products */ = {
			isa = PBXGroup;
			children = (
				DCDA7AB325122D5B002F71DE /* TrabFinal35_34.app */,
			);
			name = Products;
			sourceTree = "<group>";
		};
		DCDA7AB525122D5B002F71DE /* TrabFinal35_34 */ = {
			isa = PBXGroup;
			children = (
				DCDA7AB625122D5B002F71DE /* AppDelegate.swift */,
				DCDA7AB825122D5B002F71DE /* ViewController.swift */,
				DCDA7ABA25122D5B002F71DE /* Main.storyboard */,
				DCDA7ABD25122D5C002F71DE /* Assets.xcassets */,
				DCDA7ABF25122D5C002F71DE /* LaunchScreen.storyboard */,
				DCDA7AC225122D5C002F71DE /* Info.plist */,
				AF4B2FFD25254C2F0032BB6D /* ProductCell.swift */,
				AF52E14A25255E0700606770 /* Product.swift */,
				AF4B2FF9252546540032BB6D /* ProductsViewController.swift */,
				DCF999012526A09300362437 /* ProductInformatioViewController.swift */,
			);
			path = TrabFinal35_34;
			sourceTree = "<group>";
		};
/* End PBXGroup section */

/* Begin PBXNativeTarget section */
		DCDA7AB225122D5B002F71DE /* TrabFinal35_34 */ = {
			isa = PBXNativeTarget;
			buildConfigurationList = DCDA7AC525122D5C002F71DE /* Build configuration list for PBXNativeTarget "TrabFinal35_34" */;
			buildPhases = (
				DCDA7AAF25122D5B002F71DE /* Sources */,
				DCDA7AB025122D5B002F71DE /* Frameworks */,
				DCDA7AB125122D5B002F71DE /* Resources */,
			);
			buildRules = (
			);
			dependencies = (
			);
			name = TrabFinal35_34;
			productName = TrabFinal35_34;
			productReference = DCDA7AB325122D5B002F71DE /* TrabFinal35_34.app */;
			productType = "com.apple.product-type.application";
		};
/* End PBXNativeTarget section */

/* Begin PBXProject section */
		DCDA7AAB25122D5B002F71DE /* Project object */ = {
			isa = PBXProject;
			attributes = {
				LastSwiftUpdateCheck = 1020;
				LastUpgradeCheck = 1020;
				ORGANIZATIONNAME = PedroRodriguesPedroOliveira;
				TargetAttributes = {
					DCDA7AB225122D5B002F71DE = {
						CreatedOnToolsVersion = 10.2.1;
					};
				};
			};
			buildConfigurationList = DCDA7AAE25122D5B002F71DE /* Build configuration list for PBXProject "TrabFinal35_34" */;
			compatibilityVersion = "Xcode 9.3";
			developmentRegion = en;
			hasScannedForEncodings = 0;
			knownRegions = (
				en,
				Base,
			);
			mainGroup = DCDA7AAA25122D5B002F71DE;
			productRefGroup = DCDA7AB425122D5B002F71DE /* Products */;
			projectDirPath = "";
			projectRoot = "";
			targets = (
				DCDA7AB225122D5B002F71DE /* TrabFinal35_34 */,
			);
		};
/* End PBXProject section */

/* Begin PBXResourcesBuildPhase section */
		DCDA7AB125122D5B002F71DE /* Resources */ = {
			isa = PBXResourcesBuildPhase;
			buildActionMask = 2147483647;
			files = (
				DCDA7AC125122D5C002F71DE /* LaunchScreen.storyboard in Resources */,
				DCDA7ABE25122D5C002F71DE /* Assets.xcassets in Resources */,
				DCDA7ABC25122D5B002F71DE /* Main.storyboard in Resources */,
			);
			runOnlyForDeploymentPostprocessing = 0;
		};
/* End PBXResourcesBuildPhase section */

/* Begin PBXSourcesBuildPhase section */
		DCDA7AAF25122D5B002F71DE /* Sources */ = {
			isa = PBXSourcesBuildPhase;
			buildActionMask = 2147483647;
			files = (
				AF4B2FFA252546540032BB6D /* ProductsViewController.swift in Sources */,
				DCDA7AB925122D5B002F71DE /* ViewController.swift in Sources */,
				DCF999022526A09300362437 /* ProductInformatioViewController.swift in Sources */,
				DCDA7AB725122D5B002F71DE /* AppDelegate.swift in Sources */,
				AF4B2FFE25254C2F0032BB6D /* ProductCell.swift in Sources */,
				AF52E14B25255E0700606770 /* Product.swift in Sources */,
			);
			runOnlyForDeploymentPostprocessing = 0;
		};
/* End PBXSourcesBuildPhase section */

/* Begin PBXVariantGroup section */
		DCDA7ABA25122D5B002F71DE /* Main.storyboard */ = {
			isa = PBXVariantGroup;
			children = (
				DCDA7ABB25122D5B002F71DE /* Base */,
			);
			name = Main.storyboard;
			sourceTree = "<group>";
		};
		DCDA7ABF25122D5C002F71DE /* LaunchScreen.storyboard */ = {
			isa = PBXVariantGroup;
			children = (
				DCDA7AC025122D5C002F71DE /* Base */,
			);
			name = LaunchScreen.storyboard;
			sourceTree = "<group>";
		};
/* End PBXVariantGroup section */

/* Begin XCBuildConfiguration section */
		DCDA7AC325122D5C002F71DE /* Debug */ = {
			isa = XCBuildConfiguration;
			buildSettings = {
				ALWAYS_SEARCH_USER_PATHS = NO;
				CLANG_ANALYZER_NONNULL = YES;
				CLANG_ANALYZER_NUMBER_OBJECT_CONVERSION = YES_AGGRESSIVE;
				CLANG_CXX_LANGUAGE_STANDARD = "gnu++14";
				CLANG_CXX_LIBRARY = "libc++";
				CLANG_ENABLE_MODULES = YES;
				CLANG_ENABLE_OBJC_ARC = YES;
				CLANG_ENABLE_OBJC_WEAK = YES;
				CLANG_WARN_BLOCK_CAPTURE_AUTORELEASING = YES;
				CLANG_WARN_BOOL_CONVERSION = YES;
				CLANG_WARN_COMMA = YES;
				CLANG_WARN_CONSTANT_CONVERSION = YES;
				CLANG_WARN_DEPRECATED_OBJC_IMPLEMENTATIONS = YES;
				CLANG_WARN_DIRECT_OBJC_ISA_USAGE = YES_ERROR;
				CLANG_WARN_DOCUMENTATION_COMMENTS = YES;
				CLANG_WARN_EMPTY_BODY = YES;
				CLANG_WARN_ENUM_CONVERSION = YES;
				CLANG_WARN_INFINITE_RECURSION = YES;
				CLANG_WARN_INT_CONVERSION = YES;
				CLANG_WARN_NON_LITERAL_NULL_CONVERSION = YES;
				CLANG_WARN_OBJC_IMPLICIT_RETAIN_SELF = YES;
				CLANG_WARN_OBJC_LITERAL_CONVERSION = YES;
				CLANG_WARN_OBJC_ROOT_CLASS = YES_ERROR;
				CLANG_WARN_RANGE_LOOP_ANALYSIS = YES;
				CLANG_WARN_STRICT_PROTOTYPES = YES;
				CLANG_WARN_SUSPICIOUS_MOVE = YES;
				CLANG_WARN_UNGUARDED_AVAILABILITY = YES_AGGRESSIVE;
				CLANG_WARN_UNREACHABLE_CODE = YES;
				CLANG_WARN__DUPLICATE_METHOD_MATCH = YES;
				CODE_SIGN_IDENTITY = "iPhone Developer";
				COPY_PHASE_STRIP = NO;
				DEBUG_INFORMATION_FORMAT = dwarf;
				ENABLE_STRICT_OBJC_MSGSEND = YES;
				ENABLE_TESTABILITY = YES;
				GCC_C_LANGUAGE_STANDARD = gnu11;
				GCC_DYNAMIC_NO_PIC = NO;
				GCC_NO_COMMON_BLOCKS = YES;
				GCC_OPTIMIZATION_LEVEL = 0;
				GCC_PREPROCESSOR_DEFINITIONS = (
					"DEBUG=1",
					"$(inherited)",
				);
				GCC_WARN_64_TO_32_BIT_CONVERSION = YES;
				GCC_WARN_ABOUT_RETURN_TYPE = YES_ERROR;
				GCC_WARN_UNDECLARED_SELECTOR = YES;
				GCC_WARN_UNINITIALIZED_AUTOS = YES_AGGRESSIVE;
				GCC_WARN_UNUSED_FUNCTION = YES;
				GCC_WARN_UNUSED_VARIABLE = YES;
				IPHONEOS_DEPLOYMENT_TARGET = 12.2;
				MTL_ENABLE_DEBUG_INFO = INCLUDE_SOURCE;
				MTL_FAST_MATH = YES;
				ONLY_ACTIVE_ARCH = YES;
				SDKROOT = iphoneos;
				SWIFT_ACTIVE_COMPILATION_CONDITIONS = DEBUG;
				SWIFT_OPTIMIZATION_LEVEL = "-Onone";
			};
			name = Debug;
		};
		DCDA7AC425122D5C002F71DE /* Release */ = {
			isa = XCBuildConfiguration;
			buildSettings = {
				ALWAYS_SEARCH_USER_PATHS = NO;
				CLANG_ANALYZER_NONNULL = YES;
				CLANG_ANALYZER_NUMBER_OBJECT_CONVERSION = YES_AGGRESSIVE;
				CLANG_CXX_LANGUAGE_STANDARD = "gnu++14";
				CLANG_CXX_LIBRARY = "libc++";
				CLANG_ENABLE_MODULES = YES;
				CLANG_ENABLE_OBJC_ARC = YES;
				CLANG_ENABLE_OBJC_WEAK = YES;
				CLANG_WARN_BLOCK_CAPTURE_AUTORELEASING = YES;
				CLANG_WARN_BOOL_CONVERSION = YES;
				CLANG_WARN_COMMA = YES;
				CLANG_WARN_CONSTANT_CONVERSION = YES;
				CLANG_WARN_DEPRECATED_OBJC_IMPLEMENTATIONS = YES;
				CLANG_WARN_DIRECT_OBJC_ISA_USAGE = YES_ERROR;
				CLANG_WARN_DOCUMENTATION_COMMENTS = YES;
				CLANG_WARN_EMPTY_BODY = YES;
				CLANG_WARN_ENUM_CONVERSION = YES;
				CLANG_WARN_INFINITE_RECURSION = YES;
				CLANG_WARN_INT_CONVERSION = YES;
				CLANG_WARN_NON_LITERAL_NULL_CONVERSION = YES;
				CLANG_WARN_OBJC_IMPLICIT_RETAIN_SELF = YES;
				CLANG_WARN_OBJC_LITERAL_CONVERSION = YES;
				CLANG_WARN_OBJC_ROOT_CLASS = YES_ERROR;
				CLANG_WARN_RANGE_LOOP_ANALYSIS = YES;
				CLANG_WARN_STRICT_PROTOTYPES = YES;
				CLANG_WARN_SUSPICIOUS_MOVE = YES;
				CLANG_WARN_UNGUARDED_AVAILABILITY = YES_AGGRESSIVE;
				CLANG_WARN_UNREACHABLE_CODE = YES;
				CLANG_WARN__DUPLICATE_METHOD_MATCH = YES;
				CODE_SIGN_IDENTITY = "iPhone Developer";
				COPY_PHASE_STRIP = NO;
				DEBUG_INFORMATION_FORMAT = "dwarf-with-dsym";
				ENABLE_NS_ASSERTIONS = NO;
				ENABLE_STRICT_OBJC_MSGSEND = YES;
				GCC_C_LANGUAGE_STANDARD = gnu11;
				GCC_NO_COMMON_BLOCKS = YES;
				GCC_WARN_64_TO_32_BIT_CONVERSION = YES;
				GCC_WARN_ABOUT_RETURN_TYPE = YES_ERROR;
				GCC_WARN_UNDECLARED_SELECTOR = YES;
				GCC_WARN_UNINITIALIZED_AUTOS = YES_AGGRESSIVE;
				GCC_WARN_UNUSED_FUNCTION = YES;
				GCC_WARN_UNUSED_VARIABLE = YES;
				IPHONEOS_DEPLOYMENT_TARGET = 12.2;
				MTL_ENABLE_DEBUG_INFO = NO;
				MTL_FAST_MATH = YES;
				SDKROOT = iphoneos;
				SWIFT_COMPILATION_MODE = wholemodule;
				SWIFT_OPTIMIZATION_LEVEL = "-O";
				VALIDATE_PRODUCT = YES;
			};
			name = Release;
		};
		DCDA7AC625122D5C002F71DE /* Debug */ = {
			isa = XCBuildConfiguration;
			buildSettings = {
				ASSETCATALOG_COMPILER_APPICON_NAME = AppIcon;
				CODE_SIGN_STYLE = Automatic;
				INFOPLIST_FILE = TrabFinal35_34/Info.plist;
				LD_RUNPATH_SEARCH_PATHS = (
					"$(inherited)",
					"@executable_path/Frameworks",
				);
				PRODUCT_BUNDLE_IDENTIFIER = "br.com.prpo.TrabFinal35-34";
				PRODUCT_NAME = "$(TARGET_NAME)";
				SWIFT_VERSION = 5.0;
				TARGETED_DEVICE_FAMILY = "1,2";
			};
			name = Debug;
		};
		DCDA7AC725122D5C002F71DE /* Release */ = {
			isa = XCBuildConfiguration;
			buildSettings = {
				ASSETCATALOG_COMPILER_APPICON_NAME = AppIcon;
				CODE_SIGN_STYLE = Automatic;
				INFOPLIST_FILE = TrabFinal35_34/Info.plist;
				LD_RUNPATH_SEARCH_PATHS = (
					"$(inherited)",
					"@executable_path/Frameworks",
				);
				PRODUCT_BUNDLE_IDENTIFIER = "br.com.prpo.TrabFinal35-34";
				PRODUCT_NAME = "$(TARGET_NAME)";
				SWIFT_VERSION = 5.0;
				TARGETED_DEVICE_FAMILY = "1,2";
			};
			name = Release;
		};
/* End XCBuildConfiguration section */

/* Begin XCConfigurationList section */
		DCDA7AAE25122D5B002F71DE /* Build configuration list for PBXProject "TrabFinal35_34" */ = {
			isa = XCConfigurationList;
			buildConfigurations = (
				DCDA7AC325122D5C002F71DE /* Debug */,
				DCDA7AC425122D5C002F71DE /* Release */,
			);
			defaultConfigurationIsVisible = 0;
			defaultConfigurationName = Release;
		};
		DCDA7AC525122D5C002F71DE /* Build configuration list for PBXNativeTarget "TrabFinal35_34" */ = {
			isa = XCConfigurationList;
			buildConfigurations = (
				DCDA7AC625122D5C002F71DE /* Debug */,
				DCDA7AC725122D5C002F71DE /* Release */,
			);
			defaultConfigurationIsVisible = 0;
			defaultConfigurationName = Release;
		};
/* End XCConfigurationList section */
	};
	rootObject = DCDA7AAB25122D5B002F71DE /* Project object */;
}
